{
  "originHash" : "83fd1f368c448b6be4796fde7628ccb70d619086fc48c00d587f5322faee30bc",
  "pins" : [
    {
      "identity" : "grdb.swift",
      "kind" : "remoteSourceControl",
      "location" : "https://github.com/groue/GRDB.swift.git",
      "state" : {
        "revision" : "b83108d10f42680d78f23fe4d4d80fc88dab3212",
        "version" : "7.11.1"
      }
    },
    {
      "identity" : "tomlkit",
      "kind" : "remoteSourceControl",
      "location" : "https://github.com/LebJe/TOMLKit.git",
      "state" : {
        "revision" : "ec6198d37d495efc6acd4dffbd262cdca7ff9b3f",
        "version" : "0.6.0"
      }
    }
  ],
  "version" : 3
}
